// !$*UTF8*$!
{
	archiveVersion = 1;
	classes = {
	};
	objectVersion = 46;
	objects = {

/* Begin PBXBuildFile section */
		AC23F4961A31195A00D558B4 /* main.m in Sources */ = {isa = PBXBuildFile; fileRef = AC23F4951A31195A00D558B4 /* main.m */; };
		AC23F4991A31195A00D558B4 /* AppDelegate.m in Sources */ = {isa = PBXBuildFile; fileRef = AC23F4981A31195A00D558B4 /* AppDelegate.m */; };
		AC23F49F1A31195A00D558B4 /* Main.storyboard in Resources */ = {isa = PBXBuildFile; fileRef = AC23F49D1A31195A00D558B4 /* Main.storyboard */; };
		AC23F4A11A31195A00D558B4 /* Images.xcassets in Resources */ = {isa = PBXBuildFile; fileRef = AC23F4A01A31195A00D558B4 /* Images.xcassets */; };
		AC23F4A41A31195A00D558B4 /* LaunchScreen.xib in Resources */ = {isa = PBXBuildFile; fileRef = AC23F4A21A31195A00D558B4 /* LaunchScreen.xib */; };
		AC23F4B01A31195A00D558B4 /* Table_Cell_Sizing_BugTests.m in Sources */ = {isa = PBXBuildFile; fileRef = AC23F4AF1A31195A00D558B4 /* Table_Cell_Sizing_BugTests.m */; };
		AC23F4BB1A3119EF00D558B4 /* TableViewController.m in Sources */ = {isa = PBXBuildFile; fileRef = AC23F4BA1A3119EF00D558B4 /* TableViewController.m */; };
		AC23F4BE1A311CB800D558B4 /* TableViewCell.m in Sources */ = {isa = PBXBuildFile; fileRef = AC23F4BD1A311CB800D558B4 /* TableViewCell.m */; };
/* End PBXBuildFile section */

/* Begin PBXContainerItemProxy section */
		AC23F4AA1A31195A00D558B4 /* PBXContainerItemProxy */ = {
			isa = PBXContainerItemProxy;
			containerPortal = AC23F4881A31195A00D558B4 /* Project object */;
			proxyType = 1;
			remoteGlobalIDString = AC23F48F1A31195A00D558B4;
			remoteInfo = "Table Cell Sizing Bug";
		};
/* End PBXContainerItemProxy section */

/* Begin PBXFileReference section */
		AC23F4901A31195A00D558B4 /* Table Cell Sizing Bug.app */ = {isa = PBXFileReference; explicitFileType = wrapper.application; includeInIndex = 0; path = "Table Cell Sizing Bug.app"; sourceTree = BUILT_PRODUCTS_DIR; };
		AC23F4941A31195A00D558B4 /* Info.plist */ = {isa = PBXFileReference; lastKnownFileType = text.plist.xml; path = Info.plist; sourceTree = "<group>"; };
		AC23F4951A31195A00D558B4 /* main.m */ = {isa = PBXFileReference; lastKnownFileType = sourcecode.c.objc; path = main.m; sourceTree = "<group>"; };
		AC23F4971A31195A00D558B4 /* AppDelegate.h */ = {isa = PBXFileReference; lastKnownFileType = sourcecode.c.h; path = AppDelegate.h; sourceTree = "<group>"; };
		AC23F4981A31195A00D558B4 /* AppDelegate.m */ = {isa = PBXFileReference; lastKnownFileType = sourcecode.c.objc; path = AppDelegate.m; sourceTree = "<group>"; };
		AC23F49E1A31195A00D558B4 /* Base */ = {isa = PBXFileReference; lastKnownFileType = file.storyboard; name = Base; path = Base.lproj/Main.storyboard; sourceTree = "<group>"; };
		AC23F4A01A31195A00D558B4 /* Images.xcassets */ = {isa = PBXFileReference; lastKnownFileType = folder.assetcatalog; path = Images.xcassets; sourceTree = "<group>"; };
		AC23F4A31A31195A00D558B4 /* Base */ = {isa = PBXFileReference; lastKnownFileType = file.xib; name = Base; path = Base.lproj/LaunchScreen.xib; sourceTree = "<group>"; };
		AC23F4A91A31195A00D558B4 /* Table Cell Sizing BugTests.xctest */ = {isa = PBXFileReference; explicitFileType = wrapper.cfbundle; includeInIndex = 0; path = "Table Cell Sizing BugTests.xctest"; sourceTree = BUILT_PRODUCTS_DIR; };
		AC23F4AE1A31195A00D558B4 /* Info.plist */ = {isa = PBXFileReference; lastKnownFileType = text.plist.xml; path = Info.plist; sourceTree = "<group>"; };
		AC23F4AF1A31195A00D558B4 /* Table_Cell_Sizing_BugTests.m */ = {isa = PBXFileReference; lastKnownFileType = sourcecode.c.objc; path = Table_Cell_Sizing_BugTests.m; sourceTree = "<group>"; };
		AC23F4B91A3119EF00D558B4 /* TableViewController.h */ = {isa = PBXFileReference; fileEncoding = 4; lastKnownFileType = sourcecode.c.h; path = TableViewController.h; sourceTree = "<group>"; };
		AC23F4BA1A3119EF00D558B4 /* TableViewController.m */ = {isa = PBXFileReference; fileEncoding = 4; lastKnownFileType = sourcecode.c.objc; path = TableViewController.m; sourceTree = "<group>"; };
		AC23F4BC1A311CB800D558B4 /* TableViewCell.h */ = {isa = PBXFileReference; fileEncoding = 4; lastKnownFileType = sourcecode.c.h; path = TableViewCell.h; sourceTree = "<group>"; };
		AC23F4BD1A311CB800D558B4 /* TableViewCell.m */ = {isa = PBXFileReference; fileEncoding = 4; lastKnownFileType = sourcecode.c.objc; path = TableViewCell.m; sourceTree = "<group>"; };
/* End PBXFileReference section */

/* Begin PBXFrameworksBuildPhase section */
		AC23F48D1A31195A00D558B4 /* Frameworks */ = {
			isa = PBXFrameworksBuildPhase;
			buildActionMask = 2147483647;
			files = (
			);
			runOnlyForDeploymentPostprocessing = 0;
		};
		AC23F4A61A31195A00D558B4 /* Frameworks */ = {
			isa = PBXFrameworksBuildPhase;
			buildActionMask = 2147483647;
			files = (
			);
			runOnlyForDeploymentPostprocessing = 0;
		};
/* End PBXFrameworksBuildPhase section */

/* Begin PBXGroup section */
		AC23F4871A31195A00D558B4 = {
			isa = PBXGroup;
			children = (
				AC23F4921A31195A00D558B4 /* Table Cell Sizing Bug */,
				AC23F4AC1A31195A00D558B4 /* Table Cell Sizing BugTests */,
				AC23F4911A31195A00D558B4 /* Products */,
			);
			sourceTree = "<group>";
		};
		AC23F4911A31195A00D558B4 /* Products */ = {
			isa = PBXGroup;
			children = (
				AC23F4901A31195A00D558B4 /* Table Cell Sizing Bug.app */,
				AC23F4A91A31195A00D558B4 /* Table Cell Sizing BugTests.xctest */,
			);
			name = Products;
			sourceTree = "<group>";
		};
		AC23F4921A31195A00D558B4 /* Table Cell Sizing Bug */ = {
			isa = PBXGroup;
			children = (
				AC23F4971A31195A00D558B4 /* AppDelegate.h */,
				AC23F4981A31195A00D558B4 /* AppDelegate.m */,
				AC23F49D1A31195A00D558B4 /* Main.storyboard */,
				AC23F4B91A3119EF00D558B4 /* TableViewController.h */,
				AC23F4BA1A3119EF00D558B4 /* TableViewController.m */,
				AC23F4BC1A311CB800D558B4 /* TableViewCell.h */,
				AC23F4BD1A311CB800D558B4 /* TableViewCell.m */,
				AC23F4A01A31195A00D558B4 /* Images.xcassets */,
				AC23F4A21A31195A00D558B4 /* LaunchScreen.xib */,
				AC23F4931A31195A00D558B4 /* Supporting Files */,
			);
			path = "Table Cell Sizing Bug";
			sourceTree = "<group>";
		};
		AC23F4931A31195A00D558B4 /* Supporting Files */ = {
			isa = PBXGroup;
			children = (
				AC23F4941A31195A00D558B4 /* Info.plist */,
				AC23F4951A31195A00D558B4 /* main.m */,
			);
			name = "Supporting Files";
			sourceTree = "<group>";
		};
		AC23F4AC1A31195A00D558B4 /* Table Cell Sizing BugTests */ = {
			isa = PBXGroup;
			children = (
				AC23F4AF1A31195A00D558B4 /* Table_Cell_Sizing_BugTests.m */,
				AC23F4AD1A31195A00D558B4 /* Supporting Files */,
			);
			path = "Table Cell Sizing BugTests";
			sourceTree = "<group>";
		};
		AC23F4AD1A31195A00D558B4 /* Supporting Files */ = {
			isa = PBXGroup;
			children = (
				AC23F4AE1A31195A00D558B4 /* Info.plist */,
			);
			name = "Supporting Files";
			sourceTree = "<group>";
		};
/* End PBXGroup section */

/* Begin PBXNativeTarget section */
		AC23F48F1A31195A00D558B4 /* Table Cell Sizing Bug */ = {
			isa = PBXNativeTarget;
			buildConfigurationList = AC23F4B31A31195A00D558B4 /* Build configuration list for PBXNativeTarget "Table Cell Sizing Bug" */;
			buildPhases = (
				AC23F48C1A31195A00D558B4 /* Sources */,
				AC23F48D1A31195A00D558B4 /* Frameworks */,
				AC23F48E1A31195A00D558B4 /* Resources */,
			);
			buildRules = (
			);
			dependencies = (
			);
			name = "Table Cell Sizing Bug";
			productName = "Table Cell Sizing Bug";
			productReference = AC23F4901A31195A00D558B4 /* Table Cell Sizing Bug.app */;
			productType = "com.apple.product-type.application";
		};
		AC23F4A81A31195A00D558B4 /* Table Cell Sizing BugTests */ = {
			isa = PBXNativeTarget;
			buildConfigurationList = AC23F4B61A31195A00D558B4 /* Build configuration list for PBXNativeTarget "Table Cell Sizing BugTests" */;
			buildPhases = (
				AC23F4A51A31195A00D558B4 /* Sources */,
				AC23F4A61A31195A00D558B4 /* Frameworks */,
				AC23F4A71A31195A00D558B4 /* Resources */,
			);
			buildRules = (
			);
			dependencies = (
				AC23F4AB1A31195A00D558B4 /* PBXTargetDependency */,
			);
			name = "Table Cell Sizing BugTests";
			productName = "Table Cell Sizing BugTests";
			productReference = AC23F4A91A31195A00D558B4 /* Table Cell Sizing BugTests.xctest */;
			productType = "com.apple.product-type.bundle.unit-test";
		};
/* End PBXNativeTarget section */

/* Begin PBXProject section */
		AC23F4881A31195A00D558B4 /* Project object */ = {
			isa = PBXProject;
			attributes = {
				LastUpgradeCheck = 0610;
				ORGANIZATIONNAME = "Friends of The Web";
				TargetAttributes = {
					AC23F48F1A31195A00D558B4 = {
						CreatedOnToolsVersion = 6.1.1;
					};
					AC23F4A81A31195A00D558B4 = {
						CreatedOnToolsVersion = 6.1.1;
						TestTargetID = AC23F48F1A31195A00D558B4;
					};
				};
			};
			buildConfigurationList = AC23F48B1A31195A00D558B4 /* Build configuration list for PBXProject "Table Cell Sizing Bug" */;
			compatibilityVersion = "Xcode 3.2";
			developmentRegion = English;
			hasScannedForEncodings = 0;
			knownRegions = (
				en,
				Base,
			);
			mainGroup = AC23F4871A31195A00D558B4;
			productRefGroup = AC23F4911A31195A00D558B4 /* Products */;
			projectDirPath = "";
			projectRoot = "";
			targets = (
				AC23F48F1A31195A00D558B4 /* Table Cell Sizing Bug */,
				AC23F4A81A31195A00D558B4 /* Table Cell Sizing BugTests */,
			);
		};
/* End PBXProject section */

/* Begin PBXResourcesBuildPhase section */
		AC23F48E1A31195A00D558B4 /* Resources */ = {
			isa = PBXResourcesBuildPhase;
			buildActionMask = 2147483647;
			files = (
				AC23F49F1A31195A00D558B4 /* Main.storyboard in Resources */,
				AC23F4A41A31195A00D558B4 /* LaunchScreen.xib in Resources */,
				AC23F4A11A31195A00D558B4 /* Images.xcassets in Resources */,
			);
			runOnlyForDeploymentPostprocessing = 0;
		};
		AC23F4A71A31195A00D558B4 /* Resources */ = {
			isa = PBXResourcesBuildPhase;
			buildActionMask = 2147483647;
			files = (
			);
			runOnlyForDeploymentPostprocessing = 0;
		};
/* End PBXResourcesBuildPhase section */

/* Begin PBXSourcesBuildPhase section */
		AC23F48C1A31195A00D558B4 /* Sources */ = {
			isa = PBXSourcesBuildPhase;
			buildActionMask = 2147483647;
			files = (
				AC23F4991A31195A00D558B4 /* AppDelegate.m in Sources */,
				AC23F4BE1A311CB800D558B4 /* TableViewCell.m in Sources */,
				AC23F4BB1A3119EF00D558B4 /* TableViewController.m in Sources */,
				AC23F4961A31195A00D558B4 /* main.m in Sources */,
			);
			runOnlyForDeploymentPostprocessing = 0;
		};
		AC23F4A51A31195A00D558B4 /* Sources */ = {
			isa = PBXSourcesBuildPhase;
			buildActionMask = 2147483647;
			files = (
				AC23F4B01A31195A00D558B4 /* Table_Cell_Sizing_BugTests.m in Sources */,
			);
			runOnlyForDeploymentPostprocessing = 0;
		};
/* End PBXSourcesBuildPhase section */

/* Begin PBXTargetDependency section */
		AC23F4AB1A31195A00D558B4 /* PBXTargetDependency */ = {
			isa = PBXTargetDependency;
			target = AC23F48F1A31195A00D558B4 /* Table Cell Sizing Bug */;
			targetProxy = AC23F4AA1A31195A00D558B4 /* PBXContainerItemProxy */;
		};
/* End PBXTargetDependency section */

/* Begin PBXVariantGroup section */
		AC23F49D1A31195A00D558B4 /* Main.storyboard */ = {
			isa = PBXVariantGroup;
			children = (
				AC23F49E1A31195A00D558B4 /* Base */,
			);
			name = Main.storyboard;
			sourceTree = "<group>";
		};
		AC23F4A21A31195A00D558B4 /* LaunchScreen.xib */ = {
			isa = PBXVariantGroup;
			children = (
				AC23F4A31A31195A00D558B4 /* Base */,
			);
			name = LaunchScreen.xib;
			sourceTree = "<group>";
		};
/* End PBXVariantGroup section */

/* Begin XCBuildConfiguration section */
		AC23F4B11A31195A00D558B4 /* Debug */ = {
			isa = XCBuildConfiguration;
			buildSettings = {
				ALWAYS_SEARCH_USER_PATHS = NO;
				CLANG_CXX_LANGUAGE_STANDARD = "gnu++0x";
				CLANG_CXX_LIBRARY = "libc++";
				CLANG_ENABLE_MODULES = YES;
				CLANG_ENABLE_OBJC_ARC = YES;
				CLANG_WARN_BOOL_CONVERSION = YES;
				CLANG_WARN_CONSTANT_CONVERSION = YES;
				CLANG_WARN_DIRECT_OBJC_ISA_USAGE = YES_ERROR;
				CLANG_WARN_EMPTY_BODY = YES;
				CLANG_WARN_ENUM_CONVERSION = YES;
				CLANG_WARN_INT_CONVERSION = YES;
				CLANG_WARN_OBJC_ROOT_CLASS = YES_ERROR;
				CLANG_WARN_UNREACHABLE_CODE = YES;
				CLANG_WARN__DUPLICATE_METHOD_MATCH = YES;
				"CODE_SIGN_IDENTITY[sdk=iphoneos*]" = "iPhone Developer";
				COPY_PHASE_STRIP = NO;
				ENABLE_STRICT_OBJC_MSGSEND = YES;
				GCC_C_LANGUAGE_STANDARD = gnu99;
				GCC_DYNAMIC_NO_PIC = NO;
				GCC_OPTIMIZATION_LEVEL = 0;
				GCC_PREPROCESSOR_DEFINITIONS = (
					"DEBUG=1",
					"$(inherited)",
				);
				GCC_SYMBOLS_PRIVATE_EXTERN = NO;
				GCC_WARN_64_TO_32_BIT_CONVERSION = YES;
				GCC_WARN_ABOUT_RETURN_TYPE = YES_ERROR;
				GCC_WARN_UNDECLARED_SELECTOR = YES;
				GCC_WARN_UNINITIALIZED_AUTOS = YES_AGGRESSIVE;
				GCC_WARN_UNUSED_FUNCTION = YES;
				GCC_WARN_UNUSED_VARIABLE = YES;
				IPHONEOS_DEPLOYMENT_TARGET = 8.1;
				MTL_ENABLE_DEBUG_INFO = YES;
				ONLY_ACTIVE_ARCH = YES;
				SDKROOT = iphoneos;
				TARGETED_DEVICE_FAMILY = "1,2";
			};
			name = Debug;
		};
		AC23F4B21A31195A00D558B4 /* Release */ = {
			isa = XCBuildConfiguration;
			buildSettings = {
				ALWAYS_SEARCH_USER_PATHS = NO;
				CLANG_CXX_LANGUAGE_STANDARD = "gnu++0x";
				CLANG_CXX_LIBRARY = "libc++";
				CLANG_ENABLE_MODULES = YES;
				CLANG_ENABLE_OBJC_ARC = YES;
				CLANG_WARN_BOOL_CONVERSION = YES;
				CLANG_WARN_CONSTANT_CONVERSION = YES;
				CLANG_WARN_DIRECT_OBJC_ISA_USAGE = YES_ERROR;
				CLANG_WARN_EMPTY_BODY = YES;
				CLANG_WARN_ENUM_CONVERSION = YES;
				CLANG_WARN_INT_CONVERSION = YES;
				CLANG_WARN_OBJC_ROOT_CLASS = YES_ERROR;
				CLANG_WARN_UNREACHABLE_CODE = YES;
				CLANG_WARN__DUPLICATE_METHOD_MATCH = YES;
				"CODE_SIGN_IDENTITY[sdk=iphoneos*]" = "iPhone Developer";
				COPY_PHASE_STRIP = YES;
				ENABLE_NS_ASSERTIONS = NO;
				ENABLE_STRICT_OBJC_MSGSEND = YES;
				GCC_C_LANGUAGE_STANDARD = gnu99;
				GCC_WARN_64_TO_32_BIT_CONVERSION = YES;
				GCC_WARN_ABOUT_RETURN_TYPE = YES_ERROR;
				GCC_WARN_UNDECLARED_SELECTOR = YES;
				GCC_WARN_UNINITIALIZED_AUTOS = YES_AGGRESSIVE;
				GCC_WARN_UNUSED_FUNCTION = YES;
				GCC_WARN_UNUSED_VARIABLE = YES;
				IPHONEOS_DEPLOYMENT_TARGET = 8.1;
				MTL_ENABLE_DEBUG_INFO = NO;
				SDKROOT = iphoneos;
				TARGETED_DEVICE_FAMILY = "1,2";
				VALIDATE_PRODUCT = YES;
			};
			name = Release;
		};
		AC23F4B41A31195A00D558B4 /* Debug */ = {
			isa = XCBuildConfiguration;
			buildSettings = {
				ASSETCATALOG_COMPILER_APPICON_NAME = AppIcon;
				INFOPLIST_FILE = "Table Cell Sizing Bug/Info.plist";
				LD_RUNPATH_SEARCH_PATHS = "$(inherited) @executable_path/Frameworks";
				PRODUCT_NAME = "$(TARGET_NAME)";
			};
			name = Debug;
		};
		AC23F4B51A31195A00D558B4 /* Release */ = {
			isa = XCBuildConfiguration;
			buildSettings = {
				ASSETCATALOG_COMPILER_APPICON_NAME = AppIcon;
				INFOPLIST_FILE = "Table Cell Sizing Bug/Info.plist";
				LD_RUNPATH_SEARCH_PATHS = "$(inherited) @executable_path/Frameworks";
				PRODUCT_NAME = "$(TARGET_NAME)";
			};
			name = Release;
		};
		AC23F4B71A31195A00D558B4 /* Debug */ = {
			isa = XCBuildConfiguration;
			buildSettings = {
				BUNDLE_LOADER = "$(TEST_HOST)";
				FRAMEWORK_SEARCH_PATHS = (
					"$(SDKROOT)/Developer/Library/Frameworks",
					"$(inherited)",
				);
				GCC_PREPROCESSOR_DEFINITIONS = (
					"DEBUG=1",
					"$(inherited)",
				);
				INFOPLIST_FILE = "Table Cell Sizing BugTests/Info.plist";
				LD_RUNPATH_SEARCH_PATHS = "$(inherited) @executable_path/Frameworks @loader_path/Frameworks";
				PRODUCT_NAME = "$(TARGET_NAME)";
				TEST_HOST = "$(BUILT_PRODUCTS_DIR)/Table Cell Sizing Bug.app/Table Cell Sizing Bug";
			};
			name = Debug;
		};
		AC23F4B81A31195A00D558B4 /* Release */ = {
			isa = XCBuildConfiguration;
			buildSettings = {
				BUNDLE_LOADER = "$(TEST_HOST)";
				FRAMEWORK_SEARCH_PATHS = (
					"$(SDKROOT)/Developer/Library/Frameworks",
					"$(inherited)",
				);
				INFOPLIST_FILE = "Table Cell Sizing BugTests/Info.plist";
				LD_RUNPATH_SEARCH_PATHS = "$(inherited) @executable_path/Frameworks @loader_path/Frameworks";
				PRODUCT_NAME = "$(TARGET_NAME)";
				TEST_HOST = "$(BUILT_PRODUCTS_DIR)/Table Cell Sizing Bug.app/Table Cell Sizing Bug";
			};
			name = Release;
		};
/* End XCBuildConfiguration section */

/* Begin XCConfigurationList section */
		AC23F48B1A31195A00D558B4 /* Build configuration list for PBXProject "Table Cell Sizing Bug" */ = {
			isa = XCConfigurationList;
			buildConfigurations = (
				AC23F4B11A31195A00D558B4 /* Debug */,
				AC23F4B21A31195A00D558B4 /* Release */,
			);
			defaultConfigurationIsVisible = 0;
			defaultConfigurationName = Release;
		};
		AC23F4B31A31195A00D558B4 /* Build configuration list for PBXNativeTarget "Table Cell Sizing Bug" */ = {
			isa = XCConfigurationList;
			buildConfigurations = (
				AC23F4B41A31195A00D558B4 /* Debug */,
				AC23F4B51A31195A00D558B4 /* Release */,
			);
			defaultConfigurationIsVisible = 0;
		};
		AC23F4B61A31195A00D558B4 /* Build configuration list for PBXNativeTarget "Table Cell Sizing BugTests" */ = {
			isa = XCConfigurationList;
			buildConfigurations = (
				AC23F4B71A31195A00D558B4 /* Debug */,
				AC23F4B81A31195A00D558B4 /* Release */,
			);
			defaultConfigurationIsVisible = 0;
		};
/* End XCConfigurationList section */
	};
	rootObject = AC23F4881A31195A00D558B4 /* Project object */;
}
